
Microsoft Visual Studio Solution File, Format Version 12.00
# Visual Studio Version 17
VisualStudioVersion = 17.5.002.0
MinimumVisualStudioVersion = 10.0.40219.1
Project("{9A19103F-16F7-4668-BE54-9A1E7A4F7556}") = "Solve", "Solve.csproj", "{809508AA-929A-4FEA-B18C-1C3179344965}"
EndProject
Global
	GlobalSection(SolutionConfigurationPlatforms) = preSolution
		Debug|Any CPU = Debug|Any CPU
		Release|Any CPU = Release|Any CPU
	EndGlobalSection
	GlobalSection(ProjectConfigurationPlatforms) = postSolution
		{809508AA-929A-4FEA-B18C-1C3179344965}.Debug|Any CPU.ActiveCfg = Debug|Any CPU
		{809508AA-929A-4FEA-B18C-1C3179344965}.Debug|Any CPU.Build.0 = Debug|Any CPU
		{809508AA-929A-4FEA-B18C-1C3179344965}.Release|Any CPU.ActiveCfg = Release|Any CPU
		{809508AA-929A-4FEA-B18C-1C3179344965}.Release|Any CPU.Build.0 = Release|Any CPU
	EndGlobalSection
	GlobalSection(SolutionProperties) = preSolution
		HideSolutionNode = FALSE
	EndGlobalSection
	GlobalSection(ExtensibilityGlobals) = postSolution
		SolutionGuid = {D0F1B30D-37CA-4DBC-BD4A-75333F6D8319}
	EndGlobalSection
EndGlobal
